
Microsoft Visual Studio Solution File, Format Version 12.00
# Visual Studio Version 17
VisualStudioVersion = 17.6.33815.320
MinimumVisualStudioVersion = 10.0.40219.1
Project("{FAE04EC0-301F-11D3-BF4B-00C04F79EFBC}") = "SalesWebMvc", "SalesWebMvc\SalesWebMvc.csproj", "{7E2451FE-19DC-4561-AA78-BF5A94694765}"
EndProject
Global
	GlobalSection(SolutionConfigurationPlatforms) = preSolution
		Debug|Any CPU = Debug|Any CPU
		Release|Any CPU = Release|Any CPU
	EndGlobalSection
	GlobalSection(ProjectConfigurationPlatforms) = postSolution
		{7E2451FE-19DC-4561-AA78-BF5A94694765}.Debug|Any CPU.ActiveCfg = Debug|Any CPU
		{7E2451FE-19DC-4561-AA78-BF5A94694765}.Debug|Any CPU.Build.0 = Debug|Any CPU
		{7E2451FE-19DC-4561-AA78-BF5A94694765}.Release|Any CPU.ActiveCfg = Release|Any CPU
		{7E2451FE-19DC-4561-AA78-BF5A94694765}.Release|Any CPU.Build.0 = Release|Any CPU
	EndGlobalSection
	GlobalSection(SolutionProperties) = preSolution
		HideSolutionNode = FALSE
	EndGlobalSection
	GlobalSection(ExtensibilityGlobals) = postSolution
		SolutionGuid = {471E1261-4A4E-4D6D-95B3-18C0CF8C89E0}
	EndGlobalSection
EndGlobal
